
Microsoft Visual Studio Solution File, Format Version 12.00
# Visual Studio Version 17
VisualStudioVersion = 17.2.32616.157
MinimumVisualStudioVersion = 10.0.40219.1
Project("{FAE04EC0-301F-11D3-BF4B-00C04F79EFBC}") = "Lab7.Student", "Lab7.Student\Lab7.Student.csproj", "{C8526DC2-AE71-4575-8639-9EFAF94EBB43}"
EndProject
Global
	GlobalSection(SolutionConfigurationPlatforms) = preSolution
		Debug|Any CPU = Debug|Any CPU
		Release|Any CPU = Release|Any CPU
	EndGlobalSection
	GlobalSection(ProjectConfigurationPlatforms) = postSolution
		{C8526DC2-AE71-4575-8639-9EFAF94EBB43}.Debug|Any CPU.ActiveCfg = Debug|Any CPU
		{C8526DC2-AE71-4575-8639-9EFAF94EBB43}.Debug|Any CPU.Build.0 = Debug|Any CPU
		{C8526DC2-AE71-4575-8639-9EFAF94EBB43}.Release|Any CPU.ActiveCfg = Release|Any CPU
		{C8526DC2-AE71-4575-8639-9EFAF94EBB43}.Release|Any CPU.Build.0 = Release|Any CPU
	EndGlobalSection
	GlobalSection(SolutionProperties) = preSolution
		HideSolutionNode = FALSE
	EndGlobalSection
	GlobalSection(ExtensibilityGlobals) = postSolution
		SolutionGuid = {48CD4216-8060-4564-8D0D-B7EBFAD7FF4E}
	EndGlobalSection
EndGlobal
